
Microsoft Visual Studio Solution File, Format Version 12.00
# Visual Studio Version 17
VisualStudioVersion = 17.5.33516.290
MinimumVisualStudioVersion = 10.0.40219.1
Project("{9A19103F-16F7-4668-BE54-9A1E7A4F7556}") = "ClientApp", "VAIIsemka\ClientApp.csproj", "{FCCA2D78-37E9-4D00-94B2-7CDA7BED7B14}"
EndProject
Project("{9A19103F-16F7-4668-BE54-9A1E7A4F7556}") = "ServerApi", "ServerSide\ServerApi.csproj", "{3B5494A3-5D4A-42D5-8A12-1A2F45F588BE}"
EndProject
Project("{9A19103F-16F7-4668-BE54-9A1E7A4F7556}") = "Testing", "Testing\Testing.csproj", "{341113A8-CFF5-442F-9A67-F8AB87E622A7}"
EndProject
Project("{9A19103F-16F7-4668-BE54-9A1E7A4F7556}") = "Classes", "Classes\Classes.csproj", "{66EA96DD-4514-479F-9B0F-0A5C8025B584}"
EndProject
Global
	GlobalSection(SolutionConfigurationPlatforms) = preSolution
		Debug|Any CPU = Debug|Any CPU
		Release|Any CPU = Release|Any CPU
	EndGlobalSection
	GlobalSection(ProjectConfigurationPlatforms) = postSolution
		{FCCA2D78-37E9-4D00-94B2-7CDA7BED7B14}.Debug|Any CPU.ActiveCfg = Debug|Any CPU
		{FCCA2D78-37E9-4D00-94B2-7CDA7BED7B14}.Debug|Any CPU.Build.0 = Debug|Any CPU
		{FCCA2D78-37E9-4D00-94B2-7CDA7BED7B14}.Release|Any CPU.ActiveCfg = Release|Any CPU
		{FCCA2D78-37E9-4D00-94B2-7CDA7BED7B14}.Release|Any CPU.Build.0 = Release|Any CPU
		{3B5494A3-5D4A-42D5-8A12-1A2F45F588BE}.Debug|Any CPU.ActiveCfg = Debug|Any CPU
		{3B5494A3-5D4A-42D5-8A12-1A2F45F588BE}.Debug|Any CPU.Build.0 = Debug|Any CPU
		{3B5494A3-5D4A-42D5-8A12-1A2F45F588BE}.Release|Any CPU.ActiveCfg = Release|Any CPU
		{3B5494A3-5D4A-42D5-8A12-1A2F45F588BE}.Release|Any CPU.Build.0 = Release|Any CPU
		{341113A8-CFF5-442F-9A67-F8AB87E622A7}.Debug|Any CPU.ActiveCfg = Debug|Any CPU
		{341113A8-CFF5-442F-9A67-F8AB87E622A7}.Debug|Any CPU.Build.0 = Debug|Any CPU
		{341113A8-CFF5-442F-9A67-F8AB87E622A7}.Release|Any CPU.ActiveCfg = Release|Any CPU
		{341113A8-CFF5-442F-9A67-F8AB87E622A7}.Release|Any CPU.Build.0 = Release|Any CPU
		{66EA96DD-4514-479F-9B0F-0A5C8025B584}.Debug|Any CPU.ActiveCfg = Debug|Any CPU
		{66EA96DD-4514-479F-9B0F-0A5C8025B584}.Debug|Any CPU.Build.0 = Debug|Any CPU
		{66EA96DD-4514-479F-9B0F-0A5C8025B584}.Release|Any CPU.ActiveCfg = Release|Any CPU
		{66EA96DD-4514-479F-9B0F-0A5C8025B584}.Release|Any CPU.Build.0 = Release|Any CPU
	EndGlobalSection
	GlobalSection(SolutionProperties) = preSolution
		HideSolutionNode = FALSE
	EndGlobalSection
	GlobalSection(ExtensibilityGlobals) = postSolution
		SolutionGuid = {B4EE87AA-5880-43B2-9D01-DC86B6344083}
	EndGlobalSection
EndGlobal
